// !$*UTF8*$!
{
	archiveVersion = 1;
	classes = {
	};
	objectVersion = 55;
	objects = {

/* Begin PBXBuildFile section */
		474DC24027A578E200BDDF13 /* Tests_iOS.swift in Sources */ = {isa = PBXBuildFile; fileRef = 474DC23F27A578E200BDDF13 /* Tests_iOS.swift */; };
		474DC24227A578E200BDDF13 /* Tests_iOSLaunchTests.swift in Sources */ = {isa = PBXBuildFile; fileRef = 474DC24127A578E200BDDF13 /* Tests_iOSLaunchTests.swift */; };
		474DC24C27A578E200BDDF13 /* Tests_macOS.swift in Sources */ = {isa = PBXBuildFile; fileRef = 474DC24B27A578E200BDDF13 /* Tests_macOS.swift */; };
		474DC24E27A578E200BDDF13 /* Tests_macOSLaunchTests.swift in Sources */ = {isa = PBXBuildFile; fileRef = 474DC24D27A578E200BDDF13 /* Tests_macOSLaunchTests.swift */; };
		474DC24F27A578E200BDDF13 /* UI_442App.swift in Sources */ = {isa = PBXBuildFile; fileRef = 474DC22727A578E100BDDF13 /* UI_442App.swift */; };
		474DC25027A578E200BDDF13 /* UI_442App.swift in Sources */ = {isa = PBXBuildFile; fileRef = 474DC22727A578E100BDDF13 /* UI_442App.swift */; };
		474DC25227A578E200BDDF13 /* ContentView.swift in Sources */ = {isa = PBXBuildFile; fileRef = 474DC22827A578E100BDDF13 /* ContentView.swift */; };
		474DC25327A578E200BDDF13 /* Assets.xcassets in Resources */ = {isa = PBXBuildFile; fileRef = 474DC22927A578E200BDDF13 /* Assets.xcassets */; };
		474DC25427A578E200BDDF13 /* Assets.xcassets in Resources */ = {isa = PBXBuildFile; fileRef = 474DC22927A578E200BDDF13 /* Assets.xcassets */; };
		474DC26927A5791A00BDDF13 /* Home.swift in Sources */ = {isa = PBXBuildFile; fileRef = 474DC26427A578EA00BDDF13 /* Home.swift */; };
		474DC26C27A5795000BDDF13 /* IconImageViewModel.swift in Sources */ = {isa = PBXBuildFile; fileRef = 474DC26A27A5794C00BDDF13 /* IconImageViewModel.swift */; };
		474DC2AF27A5882500BDDF13 /* Contents.json in Resources */ = {isa = PBXBuildFile; fileRef = 474DC26727A578F500BDDF13 /* Contents.json */; };
/* End PBXBuildFile section */

/* Begin PBXContainerItemProxy section */
		474DC23C27A578E200BDDF13 /* PBXContainerItemProxy */ = {
			isa = PBXContainerItemProxy;
			containerPortal = 474DC22227A578E100BDDF13 /* Project object */;
			proxyType = 1;
			remoteGlobalIDString = 474DC22D27A578E200BDDF13;
			remoteInfo = "UI-442 (iOS)";
		};
		474DC24827A578E200BDDF13 /* PBXContainerItemProxy */ = {
			isa = PBXContainerItemProxy;
			containerPortal = 474DC22227A578E100BDDF13 /* Project object */;
			proxyType = 1;
			remoteGlobalIDString = 474DC23327A578E200BDDF13;
			remoteInfo = "UI-442 (macOS)";
		};
/* End PBXContainerItemProxy section */

/* Begin PBXFileReference section */
		474DC22727A578E100BDDF13 /* UI_442App.swift */ = {isa = PBXFileReference; lastKnownFileType = sourcecode.swift; path = UI_442App.swift; sourceTree = "<group>"; };
		474DC22827A578E100BDDF13 /* ContentView.swift */ = {isa = PBXFileReference; lastKnownFileType = sourcecode.swift; path = ContentView.swift; sourceTree = "<group>"; };
		474DC22927A578E200BDDF13 /* Assets.xcassets */ = {isa = PBXFileReference; lastKnownFileType = folder.assetcatalog; path = Assets.xcassets; sourceTree = "<group>"; };
		474DC22E27A578E200BDDF13 /* UI-442.app */ = {isa = PBXFileReference; explicitFileType = wrapper.application; includeInIndex = 0; path = "UI-442.app"; sourceTree = BUILT_PRODUCTS_DIR; };
		474DC23427A578E200BDDF13 /* UI-442.app */ = {isa = PBXFileReference; explicitFileType = wrapper.application; includeInIndex = 0; path = "UI-442.app"; sourceTree = BUILT_PRODUCTS_DIR; };
		474DC23627A578E200BDDF13 /* macOS.entitlements */ = {isa = PBXFileReference; lastKnownFileType = text.plist.entitlements; path = macOS.entitlements; sourceTree = "<group>"; };
		474DC23B27A578E200BDDF13 /* Tests iOS.xctest */ = {isa = PBXFileReference; explicitFileType = wrapper.cfbundle; includeInIndex = 0; path = "Tests iOS.xctest"; sourceTree = BUILT_PRODUCTS_DIR; };
		474DC23F27A578E200BDDF13 /* Tests_iOS.swift */ = {isa = PBXFileReference; lastKnownFileType = sourcecode.swift; path = Tests_iOS.swift; sourceTree = "<group>"; };
		474DC24127A578E200BDDF13 /* Tests_iOSLaunchTests.swift */ = {isa = PBXFileReference; lastKnownFileType = sourcecode.swift; path = Tests_iOSLaunchTests.swift; sourceTree = "<group>"; };
		474DC24727A578E200BDDF13 /* Tests macOS.xctest */ = {isa = PBXFileReference; explicitFileType = wrapper.cfbundle; includeInIndex = 0; path = "Tests macOS.xctest"; sourceTree = BUILT_PRODUCTS_DIR; };
		474DC24B27A578E200BDDF13 /* Tests_macOS.swift */ = {isa = PBXFileReference; lastKnownFileType = sourcecode.swift; path = Tests_macOS.swift; sourceTree = "<group>"; };
		474DC24D27A578E200BDDF13 /* Tests_macOSLaunchTests.swift */ = {isa = PBXFileReference; lastKnownFileType = sourcecode.swift; path = Tests_macOSLaunchTests.swift; sourceTree = "<group>"; };
		474DC26427A578EA00BDDF13 /* Home.swift */ = {isa = PBXFileReference; lastKnownFileType = sourcecode.swift; path = Home.swift; sourceTree = "<group>"; };
		474DC26727A578F500BDDF13 /* Contents.json */ = {isa = PBXFileReference; fileEncoding = 4; lastKnownFileType = text.json; path = Contents.json; sourceTree = "<group>"; };
		474DC26A27A5794C00BDDF13 /* IconImageViewModel.swift */ = {isa = PBXFileReference; lastKnownFileType = sourcecode.swift; path = IconImageViewModel.swift; sourceTree = "<group>"; };
/* End PBXFileReference section */

/* Begin PBXFrameworksBuildPhase section */
		474DC22B27A578E200BDDF13 /* Frameworks */ = {
			isa = PBXFrameworksBuildPhase;
			buildActionMask = 2147483647;
			files = (
			);
			runOnlyForDeploymentPostprocessing = 0;
		};
		474DC23127A578E200BDDF13 /* Frameworks */ = {
			isa = PBXFrameworksBuildPhase;
			buildActionMask = 2147483647;
			files = (
			);
			runOnlyForDeploymentPostprocessing = 0;
		};
		474DC23827A578E200BDDF13 /* Frameworks */ = {
			isa = PBXFrameworksBuildPhase;
			buildActionMask = 2147483647;
			files = (
			);
			runOnlyForDeploymentPostprocessing = 0;
		};
		474DC24427A578E200BDDF13 /* Frameworks */ = {
			isa = PBXFrameworksBuildPhase;
			buildActionMask = 2147483647;
			files = (
			);
			runOnlyForDeploymentPostprocessing = 0;
		};
/* End PBXFrameworksBuildPhase section */

/* Begin PBXGroup section */
		474DC22127A578E100BDDF13 = {
			isa = PBXGroup;
			children = (
				474DC26727A578F500BDDF13 /* Contents.json */,
				474DC22627A578E100BDDF13 /* Shared */,
				474DC23527A578E200BDDF13 /* macOS */,
				474DC23E27A578E200BDDF13 /* Tests iOS */,
				474DC24A27A578E200BDDF13 /* Tests macOS */,
				474DC22F27A578E200BDDF13 /* Products */,
			);
			sourceTree = "<group>";
		};
		474DC22627A578E100BDDF13 /* Shared */ = {
			isa = PBXGroup;
			children = (
				474DC26627A578EC00BDDF13 /* ViewModel */,
				474DC26327A578E500BDDF13 /* View */,
				474DC22727A578E100BDDF13 /* UI_442App.swift */,
				474DC22827A578E100BDDF13 /* ContentView.swift */,
				474DC22927A578E200BDDF13 /* Assets.xcassets */,
			);
			path = Shared;
			sourceTree = "<group>";
		};
		474DC22F27A578E200BDDF13 /* Products */ = {
			isa = PBXGroup;
			children = (
				474DC22E27A578E200BDDF13 /* UI-442.app */,
				474DC23427A578E200BDDF13 /* UI-442.app */,
				474DC23B27A578E200BDDF13 /* Tests iOS.xctest */,
				474DC24727A578E200BDDF13 /* Tests macOS.xctest */,
			);
			name = Products;
			sourceTree = "<group>";
		};
		474DC23527A578E200BDDF13 /* macOS */ = {
			isa = PBXGroup;
			children = (
				474DC23627A578E200BDDF13 /* macOS.entitlements */,
			);
			path = macOS;
			sourceTree = "<group>";
		};
		474DC23E27A578E200BDDF13 /* Tests iOS */ = {
			isa = PBXGroup;
			children = (
				474DC23F27A578E200BDDF13 /* Tests_iOS.swift */,
				474DC24127A578E200BDDF13 /* Tests_iOSLaunchTests.swift */,
			);
			path = "Tests iOS";
			sourceTree = "<group>";
		};
		474DC24A27A578E200BDDF13 /* Tests macOS */ = {
			isa = PBXGroup;
			children = (
				474DC24B27A578E200BDDF13 /* Tests_macOS.swift */,
				474DC24D27A578E200BDDF13 /* Tests_macOSLaunchTests.swift */,
			);
			path = "Tests macOS";
			sourceTree = "<group>";
		};
		474DC26327A578E500BDDF13 /* View */ = {
			isa = PBXGroup;
			children = (
				474DC26427A578EA00BDDF13 /* Home.swift */,
			);
			path = View;
			sourceTree = "<group>";
		};
		474DC26627A578EC00BDDF13 /* ViewModel */ = {
			isa = PBXGroup;
			children = (
				474DC26A27A5794C00BDDF13 /* IconImageViewModel.swift */,
			);
			path = ViewModel;
			sourceTree = "<group>";
		};
/* End PBXGroup section */

/* Begin PBXNativeTarget section */
		474DC22D27A578E200BDDF13 /* UI-442 (iOS) */ = {
			isa = PBXNativeTarget;
			buildConfigurationList = 474DC25727A578E200BDDF13 /* Build configuration list for PBXNativeTarget "UI-442 (iOS)" */;
			buildPhases = (
				474DC22A27A578E200BDDF13 /* Sources */,
				474DC22B27A578E200BDDF13 /* Frameworks */,
				474DC22C27A578E200BDDF13 /* Resources */,
			);
			buildRules = (
			);
			dependencies = (
			);
			name = "UI-442 (iOS)";
			productName = "UI-442 (iOS)";
			productReference = 474DC22E27A578E200BDDF13 /* UI-442.app */;
			productType = "com.apple.product-type.application";
		};
		474DC23327A578E200BDDF13 /* UI-442 (macOS) */ = {
			isa = PBXNativeTarget;
			buildConfigurationList = 474DC25A27A578E200BDDF13 /* Build configuration list for PBXNativeTarget "UI-442 (macOS)" */;
			buildPhases = (
				474DC23027A578E200BDDF13 /* Sources */,
				474DC23127A578E200BDDF13 /* Frameworks */,
				474DC23227A578E200BDDF13 /* Resources */,
			);
			buildRules = (
			);
			dependencies = (
			);
			name = "UI-442 (macOS)";
			productName = "UI-442 (macOS)";
			productReference = 474DC23427A578E200BDDF13 /* UI-442.app */;
			productType = "com.apple.product-type.application";
		};
		474DC23A27A578E200BDDF13 /* Tests iOS */ = {
			isa = PBXNativeTarget;
			buildConfigurationList = 474DC25D27A578E200BDDF13 /* Build configuration list for PBXNativeTarget "Tests iOS" */;
			buildPhases = (
				474DC23727A578E200BDDF13 /* Sources */,
				474DC23827A578E200BDDF13 /* Frameworks */,
				474DC23927A578E200BDDF13 /* Resources */,
			);
			buildRules = (
			);
			dependencies = (
				474DC23D27A578E200BDDF13 /* PBXTargetDependency */,
			);
			name = "Tests iOS";
			productName = "Tests iOS";
			productReference = 474DC23B27A578E200BDDF13 /* Tests iOS.xctest */;
			productType = "com.apple.product-type.bundle.ui-testing";
		};
		474DC24627A578E200BDDF13 /* Tests macOS */ = {
			isa = PBXNativeTarget;
			buildConfigurationList = 474DC26027A578E200BDDF13 /* Build configuration list for PBXNativeTarget "Tests macOS" */;
			buildPhases = (
				474DC24327A578E200BDDF13 /* Sources */,
				474DC24427A578E200BDDF13 /* Frameworks */,
				474DC24527A578E200BDDF13 /* Resources */,
			);
			buildRules = (
			);
			dependencies = (
				474DC24927A578E200BDDF13 /* PBXTargetDependency */,
			);
			name = "Tests macOS";
			productName = "Tests macOS";
			productReference = 474DC24727A578E200BDDF13 /* Tests macOS.xctest */;
			productType = "com.apple.product-type.bundle.ui-testing";
		};
/* End PBXNativeTarget section */

/* Begin PBXProject section */
		474DC22227A578E100BDDF13 /* Project object */ = {
			isa = PBXProject;
			attributes = {
				BuildIndependentTargetsInParallel = 1;
				LastSwiftUpdateCheck = 1320;
				LastUpgradeCheck = 1320;
				TargetAttributes = {
					474DC22D27A578E200BDDF13 = {
						CreatedOnToolsVersion = 13.2.1;
					};
					474DC23327A578E200BDDF13 = {
						CreatedOnToolsVersion = 13.2.1;
					};
					474DC23A27A578E200BDDF13 = {
						CreatedOnToolsVersion = 13.2.1;
						TestTargetID = 474DC22D27A578E200BDDF13;
					};
					474DC24627A578E200BDDF13 = {
						CreatedOnToolsVersion = 13.2.1;
						TestTargetID = 474DC23327A578E200BDDF13;
					};
				};
			};
			buildConfigurationList = 474DC22527A578E100BDDF13 /* Build configuration list for PBXProject "UI-442" */;
			compatibilityVersion = "Xcode 13.0";
			developmentRegion = en;
			hasScannedForEncodings = 0;
			knownRegions = (
				en,
				Base,
			);
			mainGroup = 474DC22127A578E100BDDF13;
			productRefGroup = 474DC22F27A578E200BDDF13 /* Products */;
			projectDirPath = "";
			projectRoot = "";
			targets = (
				474DC22D27A578E200BDDF13 /* UI-442 (iOS) */,
				474DC23327A578E200BDDF13 /* UI-442 (macOS) */,
				474DC23A27A578E200BDDF13 /* Tests iOS */,
				474DC24627A578E200BDDF13 /* Tests macOS */,
			);
		};
/* End PBXProject section */

/* Begin PBXResourcesBuildPhase section */
		474DC22C27A578E200BDDF13 /* Resources */ = {
			isa = PBXResourcesBuildPhase;
			buildActionMask = 2147483647;
			files = (
				474DC25327A578E200BDDF13 /* Assets.xcassets in Resources */,
			);
			runOnlyForDeploymentPostprocessing = 0;
		};
		474DC23227A578E200BDDF13 /* Resources */ = {
			isa = PBXResourcesBuildPhase;
			buildActionMask = 2147483647;
			files = (
				474DC25427A578E200BDDF13 /* Assets.xcassets in Resources */,
				474DC2AF27A5882500BDDF13 /* Contents.json in Resources */,
			);
			runOnlyForDeploymentPostprocessing = 0;
		};
		474DC23927A578E200BDDF13 /* Resources */ = {
			isa = PBXResourcesBuildPhase;
			buildActionMask = 2147483647;
			files = (
			);
			runOnlyForDeploymentPostprocessing = 0;
		};
		474DC24527A578E200BDDF13 /* Resources */ = {
			isa = PBXResourcesBuildPhase;
			buildActionMask = 2147483647;
			files = (
			);
			runOnlyForDeploymentPostprocessing = 0;
		};
/* End PBXResourcesBuildPhase section */

/* Begin PBXSourcesBuildPhase section */
		474DC22A27A578E200BDDF13 /* Sources */ = {
			isa = PBXSourcesBuildPhase;
			buildActionMask = 2147483647;
			files = (
				474DC24F27A578E200BDDF13 /* UI_442App.swift in Sources */,
			);
			runOnlyForDeploymentPostprocessing = 0;
		};
		474DC23027A578E200BDDF13 /* Sources */ = {
			isa = PBXSourcesBuildPhase;
			buildActionMask = 2147483647;
			files = (
				474DC25227A578E200BDDF13 /* ContentView.swift in Sources */,
				474DC26927A5791A00BDDF13 /* Home.swift in Sources */,
				474DC25027A578E200BDDF13 /* UI_442App.swift in Sources */,
				474DC26C27A5795000BDDF13 /* IconImageViewModel.swift in Sources */,
			);
			runOnlyForDeploymentPostprocessing = 0;
		};
		474DC23727A578E200BDDF13 /* Sources */ = {
			isa = PBXSourcesBuildPhase;
			buildActionMask = 2147483647;
			files = (
				474DC24227A578E200BDDF13 /* Tests_iOSLaunchTests.swift in Sources */,
				474DC24027A578E200BDDF13 /* Tests_iOS.swift in Sources */,
			);
			runOnlyForDeploymentPostprocessing = 0;
		};
		474DC24327A578E200BDDF13 /* Sources */ = {
			isa = PBXSourcesBuildPhase;
			buildActionMask = 2147483647;
			files = (
				474DC24E27A578E200BDDF13 /* Tests_macOSLaunchTests.swift in Sources */,
				474DC24C27A578E200BDDF13 /* Tests_macOS.swift in Sources */,
			);
			runOnlyForDeploymentPostprocessing = 0;
		};
/* End PBXSourcesBuildPhase section */

/* Begin PBXTargetDependency section */
		474DC23D27A578E200BDDF13 /* PBXTargetDependency */ = {
			isa = PBXTargetDependency;
			target = 474DC22D27A578E200BDDF13 /* UI-442 (iOS) */;
			targetProxy = 474DC23C27A578E200BDDF13 /* PBXContainerItemProxy */;
		};
		474DC24927A578E200BDDF13 /* PBXTargetDependency */ = {
			isa = PBXTargetDependency;
			target = 474DC23327A578E200BDDF13 /* UI-442 (macOS) */;
			targetProxy = 474DC24827A578E200BDDF13 /* PBXContainerItemProxy */;
		};
/* End PBXTargetDependency section */

/* Begin XCBuildConfiguration section */
		474DC25527A578E200BDDF13 /* Debug */ = {
			isa = XCBuildConfiguration;
			buildSettings = {
				ALWAYS_SEARCH_USER_PATHS = NO;
				CLANG_ANALYZER_NONNULL = YES;
				CLANG_ANALYZER_NUMBER_OBJECT_CONVERSION = YES_AGGRESSIVE;
				CLANG_CXX_LANGUAGE_STANDARD = "gnu++17";
				CLANG_CXX_LIBRARY = "libc++";
				CLANG_ENABLE_MODULES = YES;
				CLANG_ENABLE_OBJC_ARC = YES;
				CLANG_ENABLE_OBJC_WEAK = YES;
				CLANG_WARN_BLOCK_CAPTURE_AUTORELEASING = YES;
				CLANG_WARN_BOOL_CONVERSION = YES;
				CLANG_WARN_COMMA = YES;
				CLANG_WARN_CONSTANT_CONVERSION = YES;
				CLANG_WARN_DEPRECATED_OBJC_IMPLEMENTATIONS = YES;
				CLANG_WARN_DIRECT_OBJC_ISA_USAGE = YES_ERROR;
				CLANG_WARN_DOCUMENTATION_COMMENTS = YES;
				CLANG_WARN_EMPTY_BODY = YES;
				CLANG_WARN_ENUM_CONVERSION = YES;
				CLANG_WARN_INFINITE_RECURSION = YES;
				CLANG_WARN_INT_CONVERSION = YES;
				CLANG_WARN_NON_LITERAL_NULL_CONVERSION = YES;
				CLANG_WARN_OBJC_IMPLICIT_RETAIN_SELF = YES;
				CLANG_WARN_OBJC_LITERAL_CONVERSION = YES;
				CLANG_WARN_OBJC_ROOT_CLASS = YES_ERROR;
				CLANG_WARN_QUOTED_INCLUDE_IN_FRAMEWORK_HEADER = YES;
				CLANG_WARN_RANGE_LOOP_ANALYSIS = YES;
				CLANG_WARN_STRICT_PROTOTYPES = YES;
				CLANG_WARN_SUSPICIOUS_MOVE = YES;
				CLANG_WARN_UNGUARDED_AVAILABILITY = YES_AGGRESSIVE;
				CLANG_WARN_UNREACHABLE_CODE = YES;
				CLANG_WARN__DUPLICATE_METHOD_MATCH = YES;
				COPY_PHASE_STRIP = NO;
				DEBUG_INFORMATION_FORMAT = dwarf;
				ENABLE_STRICT_OBJC_MSGSEND = YES;
				ENABLE_TESTABILITY = YES;
				GCC_C_LANGUAGE_STANDARD = gnu11;
				GCC_DYNAMIC_NO_PIC = NO;
				GCC_NO_COMMON_BLOCKS = YES;
				GCC_OPTIMIZATION_LEVEL = 0;
				GCC_PREPROCESSOR_DEFINITIONS = (
					"DEBUG=1",
					"$(inherited)",
				);
				GCC_WARN_64_TO_32_BIT_CONVERSION = YES;
				GCC_WARN_ABOUT_RETURN_TYPE = YES_ERROR;
				GCC_WARN_UNDECLARED_SELECTOR = YES;
				GCC_WARN_UNINITIALIZED_AUTOS = YES_AGGRESSIVE;
				GCC_WARN_UNUSED_FUNCTION = YES;
				GCC_WARN_UNUSED_VARIABLE = YES;
				MTL_ENABLE_DEBUG_INFO = INCLUDE_SOURCE;
				MTL_FAST_MATH = YES;
				ONLY_ACTIVE_ARCH = YES;
				SWIFT_ACTIVE_COMPILATION_CONDITIONS = DEBUG;
				SWIFT_OPTIMIZATION_LEVEL = "-Onone";
			};
			name = Debug;
		};
		474DC25627A578E200BDDF13 /* Release */ = {
			isa = XCBuildConfiguration;
			buildSettings = {
				ALWAYS_SEARCH_USER_PATHS = NO;
				CLANG_ANALYZER_NONNULL = YES;
				CLANG_ANALYZER_NUMBER_OBJECT_CONVERSION = YES_AGGRESSIVE;
				CLANG_CXX_LANGUAGE_STANDARD = "gnu++17";
				CLANG_CXX_LIBRARY = "libc++";
				CLANG_ENABLE_MODULES = YES;
				CLANG_ENABLE_OBJC_ARC = YES;
				CLANG_ENABLE_OBJC_WEAK = YES;
				CLANG_WARN_BLOCK_CAPTURE_AUTORELEASING = YES;
				CLANG_WARN_BOOL_CONVERSION = YES;
				CLANG_WARN_COMMA = YES;
				CLANG_WARN_CONSTANT_CONVERSION = YES;
				CLANG_WARN_DEPRECATED_OBJC_IMPLEMENTATIONS = YES;
				CLANG_WARN_DIRECT_OBJC_ISA_USAGE = YES_ERROR;
				CLANG_WARN_DOCUMENTATION_COMMENTS = YES;
				CLANG_WARN_EMPTY_BODY = YES;
				CLANG_WARN_ENUM_CONVERSION = YES;
				CLANG_WARN_INFINITE_RECURSION = YES;
				CLANG_WARN_INT_CONVERSION = YES;
				CLANG_WARN_NON_LITERAL_NULL_CONVERSION = YES;
				CLANG_WARN_OBJC_IMPLICIT_RETAIN_SELF = YES;
				CLANG_WARN_OBJC_LITERAL_CONVERSION = YES;
				CLANG_WARN_OBJC_ROOT_CLASS = YES_ERROR;
				CLANG_WARN_QUOTED_INCLUDE_IN_FRAMEWORK_HEADER = YES;
				CLANG_WARN_RANGE_LOOP_ANALYSIS = YES;
				CLANG_WARN_STRICT_PROTOTYPES = YES;
				CLANG_WARN_SUSPICIOUS_MOVE = YES;
				CLANG_WARN_UNGUARDED_AVAILABILITY = YES_AGGRESSIVE;
				CLANG_WARN_UNREACHABLE_CODE = YES;
				CLANG_WARN__DUPLICATE_METHOD_MATCH = YES;
				COPY_PHASE_STRIP = NO;
				DEBUG_INFORMATION_FORMAT = "dwarf-with-dsym";
				ENABLE_NS_ASSERTIONS = NO;
				ENABLE_STRICT_OBJC_MSGSEND = YES;
				GCC_C_LANGUAGE_STANDARD = gnu11;
				GCC_NO_COMMON_BLOCKS = YES;
				GCC_WARN_64_TO_32_BIT_CONVERSION = YES;
				GCC_WARN_ABOUT_RETURN_TYPE = YES_ERROR;
				GCC_WARN_UNDECLARED_SELECTOR = YES;
				GCC_WARN_UNINITIALIZED_AUTOS = YES_AGGRESSIVE;
				GCC_WARN_UNUSED_FUNCTION = YES;
				GCC_WARN_UNUSED_VARIABLE = YES;
				MTL_ENABLE_DEBUG_INFO = NO;
				MTL_FAST_MATH = YES;
				SWIFT_COMPILATION_MODE = wholemodule;
				SWIFT_OPTIMIZATION_LEVEL = "-O";
			};
			name = Release;
		};
		474DC25827A578E200BDDF13 /* Debug */ = {
			isa = XCBuildConfiguration;
			buildSettings = {
				ASSETCATALOG_COMPILER_APPICON_NAME = AppIcon;
				ASSETCATALOG_COMPILER_GLOBAL_ACCENT_COLOR_NAME = AccentColor;
				CODE_SIGN_STYLE = Automatic;
				CURRENT_PROJECT_VERSION = 1;
				DEVELOPMENT_TEAM = 8CL4U468K5;
				ENABLE_PREVIEWS = YES;
				GENERATE_INFOPLIST_FILE = YES;
				INFOPLIST_KEY_UIApplicationSceneManifest_Generation = YES;
				INFOPLIST_KEY_UIApplicationSupportsIndirectInputEvents = YES;
				INFOPLIST_KEY_UILaunchScreen_Generation = YES;
				INFOPLIST_KEY_UISupportedInterfaceOrientations_iPad = "UIInterfaceOrientationPortrait UIInterfaceOrientationPortraitUpsideDown UIInterfaceOrientationLandscapeLeft UIInterfaceOrientationLandscapeRight";
				INFOPLIST_KEY_UISupportedInterfaceOrientations_iPhone = "UIInterfaceOrientationPortrait UIInterfaceOrientationLandscapeLeft UIInterfaceOrientationLandscapeRight";
				IPHONEOS_DEPLOYMENT_TARGET = 15.2;
				LD_RUNPATH_SEARCH_PATHS = (
					"$(inherited)",
					"@executable_path/Frameworks",
				);
				MARKETING_VERSION = 1.0;
				PRODUCT_BUNDLE_IDENTIFIER = "com.585.UI-442";
				PRODUCT_NAME = "UI-442";
				SDKROOT = iphoneos;
				SWIFT_EMIT_LOC_STRINGS = YES;
				SWIFT_VERSION = 5.0;
				TARGETED_DEVICE_FAMILY = "1,2";
			};
			name = Debug;
		};
		474DC25927A578E200BDDF13 /* Release */ = {
			isa = XCBuildConfiguration;
			buildSettings = {
				ASSETCATALOG_COMPILER_APPICON_NAME = AppIcon;
				ASSETCATALOG_COMPILER_GLOBAL_ACCENT_COLOR_NAME = AccentColor;
				CODE_SIGN_STYLE = Automatic;
				CURRENT_PROJECT_VERSION = 1;
				DEVELOPMENT_TEAM = 8CL4U468K5;
				ENABLE_PREVIEWS = YES;
				GENERATE_INFOPLIST_FILE = YES;
				INFOPLIST_KEY_UIApplicationSceneManifest_Generation = YES;
				INFOPLIST_KEY_UIApplicationSupportsIndirectInputEvents = YES;
				INFOPLIST_KEY_UILaunchScreen_Generation = YES;
				INFOPLIST_KEY_UISupportedInterfaceOrientations_iPad = "UIInterfaceOrientationPortrait UIInterfaceOrientationPortraitUpsideDown UIInterfaceOrientationLandscapeLeft UIInterfaceOrientationLandscapeRight";
				INFOPLIST_KEY_UISupportedInterfaceOrientations_iPhone = "UIInterfaceOrientationPortrait UIInterfaceOrientationLandscapeLeft UIInterfaceOrientationLandscapeRight";
				IPHONEOS_DEPLOYMENT_TARGET = 15.2;
				LD_RUNPATH_SEARCH_PATHS = (
					"$(inherited)",
					"@executable_path/Frameworks",
				);
				MARKETING_VERSION = 1.0;
				PRODUCT_BUNDLE_IDENTIFIER = "com.585.UI-442";
				PRODUCT_NAME = "UI-442";
				SDKROOT = iphoneos;
				SWIFT_EMIT_LOC_STRINGS = YES;
				SWIFT_VERSION = 5.0;
				TARGETED_DEVICE_FAMILY = "1,2";
				VALIDATE_PRODUCT = YES;
			};
			name = Release;
		};
		474DC25B27A578E200BDDF13 /* Debug */ = {
			isa = XCBuildConfiguration;
			buildSettings = {
				ASSETCATALOG_COMPILER_APPICON_NAME = AppIcon;
				ASSETCATALOG_COMPILER_GLOBAL_ACCENT_COLOR_NAME = AccentColor;
				CODE_SIGN_ENTITLEMENTS = macOS/macOS.entitlements;
				CODE_SIGN_STYLE = Automatic;
				COMBINE_HIDPI_IMAGES = YES;
				CURRENT_PROJECT_VERSION = 1;
				DEVELOPMENT_TEAM = 8CL4U468K5;
				ENABLE_HARDENED_RUNTIME = YES;
				ENABLE_PREVIEWS = YES;
				GENERATE_INFOPLIST_FILE = YES;
				INFOPLIST_KEY_NSHumanReadableCopyright = "";
				LD_RUNPATH_SEARCH_PATHS = (
					"$(inherited)",
					"@executable_path/../Frameworks",
				);
				MACOSX_DEPLOYMENT_TARGET = 12.1;
				MARKETING_VERSION = 1.0;
				PRODUCT_BUNDLE_IDENTIFIER = "com.585.UI-442";
				PRODUCT_NAME = "UI-442";
				SDKROOT = macosx;
				SWIFT_EMIT_LOC_STRINGS = YES;
				SWIFT_VERSION = 5.0;
			};
			name = Debug;
		};
		474DC25C27A578E200BDDF13 /* Release */ = {
			isa = XCBuildConfiguration;
			buildSettings = {
				ASSETCATALOG_COMPILER_APPICON_NAME = AppIcon;
				ASSETCATALOG_COMPILER_GLOBAL_ACCENT_COLOR_NAME = AccentColor;
				CODE_SIGN_ENTITLEMENTS = macOS/macOS.entitlements;
				CODE_SIGN_STYLE = Automatic;
				COMBINE_HIDPI_IMAGES = YES;
				CURRENT_PROJECT_VERSION = 1;
				DEVELOPMENT_TEAM = 8CL4U468K5;
				ENABLE_HARDENED_RUNTIME = YES;
				ENABLE_PREVIEWS = YES;
				GENERATE_INFOPLIST_FILE = YES;
				INFOPLIST_KEY_NSHumanReadableCopyright = "";
				LD_RUNPATH_SEARCH_PATHS = (
					"$(inherited)",
					"@executable_path/../Frameworks",
				);
				MACOSX_DEPLOYMENT_TARGET = 12.1;
				MARKETING_VERSION = 1.0;
				PRODUCT_BUNDLE_IDENTIFIER = "com.585.UI-442";
				PRODUCT_NAME = "UI-442";
				SDKROOT = macosx;
				SWIFT_EMIT_LOC_STRINGS = YES;
				SWIFT_VERSION = 5.0;
			};
			name = Release;
		};
		474DC25E27A578E200BDDF13 /* Debug */ = {
			isa = XCBuildConfiguration;
			buildSettings = {
				ALWAYS_EMBED_SWIFT_STANDARD_LIBRARIES = YES;
				CODE_SIGN_STYLE = Automatic;
				CURRENT_PROJECT_VERSION = 1;
				DEVELOPMENT_TEAM = 8CL4U468K5;
				GENERATE_INFOPLIST_FILE = YES;
				IPHONEOS_DEPLOYMENT_TARGET = 15.2;
				MARKETING_VERSION = 1.0;
				PRODUCT_BUNDLE_IDENTIFIER = "com.585.Tests-iOS";
				PRODUCT_NAME = "$(TARGET_NAME)";
				SDKROOT = iphoneos;
				SWIFT_EMIT_LOC_STRINGS = NO;
				SWIFT_VERSION = 5.0;
				TARGETED_DEVICE_FAMILY = "1,2";
				TEST_TARGET_NAME = "UI-442 (iOS)";
			};
			name = Debug;
		};
		474DC25F27A578E200BDDF13 /* Release */ = {
			isa = XCBuildConfiguration;
			buildSettings = {
				ALWAYS_EMBED_SWIFT_STANDARD_LIBRARIES = YES;
				CODE_SIGN_STYLE = Automatic;
				CURRENT_PROJECT_VERSION = 1;
				DEVELOPMENT_TEAM = 8CL4U468K5;
				GENERATE_INFOPLIST_FILE = YES;
				IPHONEOS_DEPLOYMENT_TARGET = 15.2;
				MARKETING_VERSION = 1.0;
				PRODUCT_BUNDLE_IDENTIFIER = "com.585.Tests-iOS";
				PRODUCT_NAME = "$(TARGET_NAME)";
				SDKROOT = iphoneos;
				SWIFT_EMIT_LOC_STRINGS = NO;
				SWIFT_VERSION = 5.0;
				TARGETED_DEVICE_FAMILY = "1,2";
				TEST_TARGET_NAME = "UI-442 (iOS)";
				VALIDATE_PRODUCT = YES;
			};
			name = Release;
		};
		474DC26127A578E200BDDF13 /* Debug */ = {
			isa = XCBuildConfiguration;
			buildSettings = {
				ALWAYS_EMBED_SWIFT_STANDARD_LIBRARIES = YES;
				CODE_SIGN_STYLE = Automatic;
				CURRENT_PROJECT_VERSION = 1;
				DEVELOPMENT_TEAM = 8CL4U468K5;
				GENERATE_INFOPLIST_FILE = YES;
				MACOSX_DEPLOYMENT_TARGET = 12.1;
				MARKETING_VERSION = 1.0;
				PRODUCT_BUNDLE_IDENTIFIER = "com.585.Tests-macOS";
				PRODUCT_NAME = "$(TARGET_NAME)";
				SDKROOT = macosx;
				SWIFT_EMIT_LOC_STRINGS = NO;
				SWIFT_VERSION = 5.0;
				TEST_TARGET_NAME = "UI-442 (macOS)";
			};
			name = Debug;
		};
		474DC26227A578E200BDDF13 /* Release */ = {
			isa = XCBuildConfiguration;
			buildSettings = {
				ALWAYS_EMBED_SWIFT_STANDARD_LIBRARIES = YES;
				CODE_SIGN_STYLE = Automatic;
				CURRENT_PROJECT_VERSION = 1;
				DEVELOPMENT_TEAM = 8CL4U468K5;
				GENERATE_INFOPLIST_FILE = YES;
				MACOSX_DEPLOYMENT_TARGET = 12.1;
				MARKETING_VERSION = 1.0;
				PRODUCT_BUNDLE_IDENTIFIER = "com.585.Tests-macOS";
				PRODUCT_NAME = "$(TARGET_NAME)";
				SDKROOT = macosx;
				SWIFT_EMIT_LOC_STRINGS = NO;
				SWIFT_VERSION = 5.0;
				TEST_TARGET_NAME = "UI-442 (macOS)";
			};
			name = Release;
		};
/* End XCBuildConfiguration section */

/* Begin XCConfigurationList section */
		474DC22527A578E100BDDF13 /* Build configuration list for PBXProject "UI-442" */ = {
			isa = XCConfigurationList;
			buildConfigurations = (
				474DC25527A578E200BDDF13 /* Debug */,
				474DC25627A578E200BDDF13 /* Release */,
			);
			defaultConfigurationIsVisible = 0;
			defaultConfigurationName = Release;
		};
		474DC25727A578E200BDDF13 /* Build configuration list for PBXNativeTarget "UI-442 (iOS)" */ = {
			isa = XCConfigurationList;
			buildConfigurations = (
				474DC25827A578E200BDDF13 /* Debug */,
				474DC25927A578E200BDDF13 /* Release */,
			);
			defaultConfigurationIsVisible = 0;
			defaultConfigurationName = Release;
		};
		474DC25A27A578E200BDDF13 /* Build configuration list for PBXNativeTarget "UI-442 (macOS)" */ = {
			isa = XCConfigurationList;
			buildConfigurations = (
				474DC25B27A578E200BDDF13 /* Debug */,
				474DC25C27A578E200BDDF13 /* Release */,
			);
			defaultConfigurationIsVisible = 0;
			defaultConfigurationName = Release;
		};
		474DC25D27A578E200BDDF13 /* Build configuration list for PBXNativeTarget "Tests iOS" */ = {
			isa = XCConfigurationList;
			buildConfigurations = (
				474DC25E27A578E200BDDF13 /* Debug */,
				474DC25F27A578E200BDDF13 /* Release */,
			);
			defaultConfigurationIsVisible = 0;
			defaultConfigurationName = Release;
		};
		474DC26027A578E200BDDF13 /* Build configuration list for PBXNativeTarget "Tests macOS" */ = {
			isa = XCConfigurationList;
			buildConfigurations = (
				474DC26127A578E200BDDF13 /* Debug */,
				474DC26227A578E200BDDF13 /* Release */,
			);
			defaultConfigurationIsVisible = 0;
			defaultConfigurationName = Release;
		};
/* End XCConfigurationList section */
	};
	rootObject = 474DC22227A578E100BDDF13 /* Project object */;
}
